
Microsoft Visual Studio Solution File, Format Version 12.00
# Visual Studio Version 17
VisualStudioVersion = 17.4.32912.340
MinimumVisualStudioVersion = 10.0.40219.1
Project("{FAE04EC0-301F-11D3-BF4B-00C04F79EFBC}") = "TezosSignatureAuth.BlazorServer", "TezosSignatureAuth.BlazorServer\TezosSignatureAuth.BlazorServer.csproj", "{A787489D-5532-4590-A91D-27927686A1CB}"
EndProject
Global
	GlobalSection(SolutionConfigurationPlatforms) = preSolution
		Debug|Any CPU = Debug|Any CPU
		Release|Any CPU = Release|Any CPU
	EndGlobalSection
	GlobalSection(ProjectConfigurationPlatforms) = postSolution
		{A787489D-5532-4590-A91D-27927686A1CB}.Debug|Any CPU.ActiveCfg = Debug|Any CPU
		{A787489D-5532-4590-A91D-27927686A1CB}.Debug|Any CPU.Build.0 = Debug|Any CPU
		{A787489D-5532-4590-A91D-27927686A1CB}.Release|Any CPU.ActiveCfg = Release|Any CPU
		{A787489D-5532-4590-A91D-27927686A1CB}.Release|Any CPU.Build.0 = Release|Any CPU
	EndGlobalSection
	GlobalSection(SolutionProperties) = preSolution
		HideSolutionNode = FALSE
	EndGlobalSection
	GlobalSection(ExtensibilityGlobals) = postSolution
		SolutionGuid = {8363529C-4B01-44DF-A9F2-270B00E487CC}
	EndGlobalSection
EndGlobal
